
Microsoft Visual Studio Solution File, Format Version 12.00
# Visual Studio Version 17
VisualStudioVersion = 17.5.33424.131
MinimumVisualStudioVersion = 10.0.40219.1
Project("{FAE04EC0-301F-11D3-BF4B-00C04F79EFBC}") = "ClassBasic", "ClassBasic\ClassBasic.csproj", "{F50340FC-EE76-4F21-8E2F-ACE7055192D6}"
EndProject
Global
	GlobalSection(SolutionConfigurationPlatforms) = preSolution
		Debug|Any CPU = Debug|Any CPU
		Release|Any CPU = Release|Any CPU
	EndGlobalSection
	GlobalSection(ProjectConfigurationPlatforms) = postSolution
		{F50340FC-EE76-4F21-8E2F-ACE7055192D6}.Debug|Any CPU.ActiveCfg = Debug|Any CPU
		{F50340FC-EE76-4F21-8E2F-ACE7055192D6}.Debug|Any CPU.Build.0 = Debug|Any CPU
		{F50340FC-EE76-4F21-8E2F-ACE7055192D6}.Release|Any CPU.ActiveCfg = Release|Any CPU
		{F50340FC-EE76-4F21-8E2F-ACE7055192D6}.Release|Any CPU.Build.0 = Release|Any CPU
	EndGlobalSection
	GlobalSection(SolutionProperties) = preSolution
		HideSolutionNode = FALSE
	EndGlobalSection
	GlobalSection(ExtensibilityGlobals) = postSolution
		SolutionGuid = {66C2EB85-8E25-4AE1-8EF3-FE87B56A42CC}
	EndGlobalSection
EndGlobal
